<?xml version="1.0" encoding="utf-8"?>
<Project ToolsVersion="4.0" xmlns="http://schemas.microsoft.com/developer/msbuild/2003">
  <ItemGroup>
    <Filter Include="Include">
      <UniqueIdentifier>{93995380-89BD-4b04-88EB-625FBE52EBFB}</UniqueIdentifier>
      <Extensions>h;hh;hpp;hxx;h++;hm;inl;inc;ipp;xsd</Extensions>
    </Filter>
    <Filter Include="Resource">
      <UniqueIdentifier>{67DA6AB6-F800-4c08-8B7A-83BB121AAD01}</UniqueIdentifier>
      <Extensions>rc;ico;cur;bmp;dlg;rc2;rct;bin;rgs;gif;jpg;jpeg;jpe;resx;tiff;tif;png;wav;mfcribbon-ms</Extensions>
    </Filter>
    <Filter Include="Src">
      <UniqueIdentifier>{4FC737F1-C7A5-4376-A066-2A32D752A2FF}</UniqueIdentifier>
      <Extensions>cpp;c;cc;cxx;c++;cppm;ixx;def;odl;idl;hpj;bat;asm;asmx</Extensions>
    </Filter>
    <Filter Include="Src\ECS">
      <UniqueIdentifier>{20082c4e-64e8-40d5-92aa-82b6810d6e1d}</UniqueIdentifier>
    </Filter>
    <Filter Include="Src\Core">
      <UniqueIdentifier>{f21186ad-f841-48af-b9f0-b734fd22e793}</UniqueIdentifier>
    </Filter>
    <Filter Include="Src\Tests">
      <UniqueIdentifier>{0a066df8-5733-4e5d-847b-77c2fe7865d3}</UniqueIdentifier>
    </Filter>
  </ItemGroup>
  <ItemGroup>
    <ClCompile Include="main.cpp">
      <Filter>Src</Filter>
    </ClCompile>
    <ClCompile Include="ecs\ecs_archetype.cpp">
      <Filter>Src\ECS</Filter>
    </ClCompile>
    <ClCompile Include="ecs\ecs_pool.cpp">
      <Filter>Src\ECS</Filter>
    </ClCompile>
  </ItemGroup>
  <ItemGroup>
    <ClInclude Include="ecs\ecs_component.h">
      <Filter>Src\ECS</Filter>
    </ClInclude>
    <ClInclude Include="ecs\ecs_manager.h">
      <Filter>Src\ECS</Filter>
    </ClInclude>
    <ClInclude Include="ecs\ecs_archetype.h">
      <Filter>Src\ECS</Filter>
    </ClInclude>
    <ClInclude Include="ecs\ecs_pool.h">
      <Filter>Src\ECS</Filter>
    </ClInclude>
    <ClInclude Include="ecs\ecs_settings.h">
      <Filter>Src\ECS</Filter>
    </ClInclude>
    <ClInclude Include="core\function_traits.h">
      <Filter>Src\Core</Filter>
    </ClInclude>
    <ClInclude Include="tests\test_traits_function.h">
      <Filter>Src\Tests</Filter>
    </ClInclude>
    <ClInclude Include="tests\test_ecs.h">
      <Filter>Src\Tests</Filter>
    </ClInclude>
    <ClInclude Include="ecs\ecs_system.h">
      <Filter>Src\ECS</Filter>
    </ClInclude>
  </ItemGroup>
</Project>